
Microsoft Visual Studio Solution File, Format Version 12.00
# Visual Studio Version 16
VisualStudioVersion = 16.0.31321.278
MinimumVisualStudioVersion = 10.0.40219.1
Project("{FAE04EC0-301F-11D3-BF4B-00C04F79EFBC}") = "BlazingPizza.Server", "BlazingPizza\Server\BlazingPizza.Server.csproj", "{73BABC1B-7703-4F51-926A-215F42A7418F}"
EndProject
Project("{FAE04EC0-301F-11D3-BF4B-00C04F79EFBC}") = "BlazingPizza.Client", "BlazingPizza\Client\BlazingPizza.Client.csproj", "{7D7CCFD9-6C93-4483-A1D9-7E252CBB0C0B}"
EndProject
Project("{FAE04EC0-301F-11D3-BF4B-00C04F79EFBC}") = "BlazingPizza.Shared", "BlazingPizza\Shared\BlazingPizza.Shared.csproj", "{A676F07A-6F82-436B-B67C-9FED6BB6D1E3}"
EndProject
Global
	GlobalSection(SolutionConfigurationPlatforms) = preSolution
		Debug|Any CPU = Debug|Any CPU
		Release|Any CPU = Release|Any CPU
	EndGlobalSection
	GlobalSection(ProjectConfigurationPlatforms) = postSolution
		{73BABC1B-7703-4F51-926A-215F42A7418F}.Debug|Any CPU.ActiveCfg = Debug|Any CPU
		{73BABC1B-7703-4F51-926A-215F42A7418F}.Debug|Any CPU.Build.0 = Debug|Any CPU
		{73BABC1B-7703-4F51-926A-215F42A7418F}.Release|Any CPU.ActiveCfg = Release|Any CPU
		{73BABC1B-7703-4F51-926A-215F42A7418F}.Release|Any CPU.Build.0 = Release|Any CPU
		{7D7CCFD9-6C93-4483-A1D9-7E252CBB0C0B}.Debug|Any CPU.ActiveCfg = Debug|Any CPU
		{7D7CCFD9-6C93-4483-A1D9-7E252CBB0C0B}.Debug|Any CPU.Build.0 = Debug|Any CPU
		{7D7CCFD9-6C93-4483-A1D9-7E252CBB0C0B}.Release|Any CPU.ActiveCfg = Release|Any CPU
		{7D7CCFD9-6C93-4483-A1D9-7E252CBB0C0B}.Release|Any CPU.Build.0 = Release|Any CPU
		{A676F07A-6F82-436B-B67C-9FED6BB6D1E3}.Debug|Any CPU.ActiveCfg = Debug|Any CPU
		{A676F07A-6F82-436B-B67C-9FED6BB6D1E3}.Debug|Any CPU.Build.0 = Debug|Any CPU
		{A676F07A-6F82-436B-B67C-9FED6BB6D1E3}.Release|Any CPU.ActiveCfg = Release|Any CPU
		{A676F07A-6F82-436B-B67C-9FED6BB6D1E3}.Release|Any CPU.Build.0 = Release|Any CPU
	EndGlobalSection
	GlobalSection(SolutionProperties) = preSolution
		HideSolutionNode = FALSE
	EndGlobalSection
	GlobalSection(ExtensibilityGlobals) = postSolution
		SolutionGuid = {6FEDE9BC-74E6-40A8-AFBB-4660901D34F6}
	EndGlobalSection
EndGlobal
